Microsoft Visual Studio Solution File, Format Version 12.00
# Visual Studio 2012
Project("{FAE04EC0-301F-11D3-BF4B-00C04F79EFBC}") = "patchwork", "patchwork.csproj", "{051A830C-1C11-4112-AD97-F3DCDD48D03D}"
EndProject
Global
	GlobalSection(SolutionConfigurationPlatforms) = preSolution
	Debug|Any CPU = Debug|Any CPU
	ExportDebug|Any CPU = ExportDebug|Any CPU
	ExportRelease|Any CPU = ExportRelease|Any CPU
	EndGlobalSection
	GlobalSection(ProjectConfigurationPlatforms) = postSolution
		{051A830C-1C11-4112-AD97-F3DCDD48D03D}.Debug|Any CPU.ActiveCfg = Debug|Any CPU
		{051A830C-1C11-4112-AD97-F3DCDD48D03D}.Debug|Any CPU.Build.0 = Debug|Any CPU
		{051A830C-1C11-4112-AD97-F3DCDD48D03D}.ExportDebug|Any CPU.ActiveCfg = ExportDebug|Any CPU
		{051A830C-1C11-4112-AD97-F3DCDD48D03D}.ExportDebug|Any CPU.Build.0 = ExportDebug|Any CPU
		{051A830C-1C11-4112-AD97-F3DCDD48D03D}.ExportRelease|Any CPU.ActiveCfg = ExportRelease|Any CPU
		{051A830C-1C11-4112-AD97-F3DCDD48D03D}.ExportRelease|Any CPU.Build.0 = ExportRelease|Any CPU
	EndGlobalSection
EndGlobal
